// !$*UTF8*$!
{
	archiveVersion = 1;
	classes = {
	};
	objectVersion = 48;
	objects = {

/* Begin PBXBuildFile section */
		FD38C88820612A5000EE19D8 /* AppDelegate.swift in Sources */ = {isa = PBXBuildFile; fileRef = FD38C88720612A5000EE19D8 /* AppDelegate.swift */; };
		FD38C88A20612A5000EE19D8 /* ViewController.swift in Sources */ = {isa = PBXBuildFile; fileRef = FD38C88920612A5000EE19D8 /* ViewController.swift */; };
		FD38C88D20612A5000EE19D8 /* Main.storyboard in Resources */ = {isa = PBXBuildFile; fileRef = FD38C88B20612A5000EE19D8 /* Main.storyboard */; };
		FD38C88F20612A5000EE19D8 /* Assets.xcassets in Resources */ = {isa = PBXBuildFile; fileRef = FD38C88E20612A5000EE19D8 /* Assets.xcassets */; };
		FD38C89220612A5000EE19D8 /* LaunchScreen.storyboard in Resources */ = {isa = PBXBuildFile; fileRef = FD38C89020612A5000EE19D8 /* LaunchScreen.storyboard */; };
		FD38C89A20612AA500EE19D8 /* FancyButton.swift in Sources */ = {isa = PBXBuildFile; fileRef = FD38C89920612AA500EE19D8 /* FancyButton.swift */; };
/* End PBXBuildFile section */

/* Begin PBXFileReference section */
		FD38C88420612A4F00EE19D8 /* FancyButton.app */ = {isa = PBXFileReference; explicitFileType = wrapper.application; includeInIndex = 0; path = FancyButton.app; sourceTree = BUILT_PRODUCTS_DIR; };
		FD38C88720612A5000EE19D8 /* AppDelegate.swift */ = {isa = PBXFileReference; lastKnownFileType = sourcecode.swift; path = AppDelegate.swift; sourceTree = "<group>"; };
		FD38C88920612A5000EE19D8 /* ViewController.swift */ = {isa = PBXFileReference; lastKnownFileType = sourcecode.swift; path = ViewController.swift; sourceTree = "<group>"; };
		FD38C88C20612A5000EE19D8 /* Base */ = {isa = PBXFileReference; lastKnownFileType = file.storyboard; name = Base; path = Base.lproj/Main.storyboard; sourceTree = "<group>"; };
		FD38C88E20612A5000EE19D8 /* Assets.xcassets */ = {isa = PBXFileReference; lastKnownFileType = folder.assetcatalog; path = Assets.xcassets; sourceTree = "<group>"; };
		FD38C89120612A5000EE19D8 /* Base */ = {isa = PBXFileReference; lastKnownFileType = file.storyboard; name = Base; path = Base.lproj/LaunchScreen.storyboard; sourceTree = "<group>"; };
		FD38C89320612A5000EE19D8 /* Info.plist */ = {isa = PBXFileReference; lastKnownFileType = text.plist.xml; path = Info.plist; sourceTree = "<group>"; };
		FD38C89920612AA500EE19D8 /* FancyButton.swift */ = {isa = PBXFileReference; lastKnownFileType = sourcecode.swift; path = FancyButton.swift; sourceTree = "<group>"; };
/* End PBXFileReference section */

/* Begin PBXFrameworksBuildPhase section */
		FD38C88120612A4F00EE19D8 /* Frameworks */ = {
			isa = PBXFrameworksBuildPhase;
			buildActionMask = 2147483647;
			files = (
			);
			runOnlyForDeploymentPostprocessing = 0;
		};
/* End PBXFrameworksBuildPhase section */

/* Begin PBXGroup section */
		FD38C87B20612A4F00EE19D8 = {
			isa = PBXGroup;
			children = (
				FD38C88620612A4F00EE19D8 /* FancyButton */,
				FD38C88520612A4F00EE19D8 /* Products */,
			);
			sourceTree = "<group>";
		};
		FD38C88520612A4F00EE19D8 /* Products */ = {
			isa = PBXGroup;
			children = (
				FD38C88420612A4F00EE19D8 /* FancyButton.app */,
			);
			name = Products;
			sourceTree = "<group>";
		};
		FD38C88620612A4F00EE19D8 /* FancyButton */ = {
			isa = PBXGroup;
			children = (
				FD38C88720612A5000EE19D8 /* AppDelegate.swift */,
				FD38C88920612A5000EE19D8 /* ViewController.swift */,
				FD38C88B20612A5000EE19D8 /* Main.storyboard */,
				FD38C88E20612A5000EE19D8 /* Assets.xcassets */,
				FD38C89020612A5000EE19D8 /* LaunchScreen.storyboard */,
				FD38C89320612A5000EE19D8 /* Info.plist */,
				FD38C89920612AA500EE19D8 /* FancyButton.swift */,
			);
			path = FancyButton;
			sourceTree = "<group>";
		};
/* End PBXGroup section */

/* Begin PBXNativeTarget section */
		FD38C88320612A4F00EE19D8 /* FancyButton */ = {
			isa = PBXNativeTarget;
			buildConfigurationList = FD38C89620612A5000EE19D8 /* Build configuration list for PBXNativeTarget "FancyButton" */;
			buildPhases = (
				FD38C88020612A4F00EE19D8 /* Sources */,
				FD38C88120612A4F00EE19D8 /* Frameworks */,
				FD38C88220612A4F00EE19D8 /* Resources */,
			);
			buildRules = (
			);
			dependencies = (
			);
			name = FancyButton;
			productName = FancyButton;
			productReference = FD38C88420612A4F00EE19D8 /* FancyButton.app */;
			productType = "com.apple.product-type.application";
		};
/* End PBXNativeTarget section */

/* Begin PBXProject section */
		FD38C87C20612A4F00EE19D8 /* Project object */ = {
			isa = PBXProject;
			attributes = {
				LastSwiftUpdateCheck = 0920;
				LastUpgradeCheck = 0920;
				ORGANIZATIONNAME = "Nikita Marinosyan";
				TargetAttributes = {
					FD38C88320612A4F00EE19D8 = {
						CreatedOnToolsVersion = 9.2;
						ProvisioningStyle = Automatic;
					};
				};
			};
			buildConfigurationList = FD38C87F20612A4F00EE19D8 /* Build configuration list for PBXProject "FancyButton" */;
			compatibilityVersion = "Xcode 8.0";
			developmentRegion = en;
			hasScannedForEncodings = 0;
			knownRegions = (
				en,
				Base,
			);
			mainGroup = FD38C87B20612A4F00EE19D8;
			productRefGroup = FD38C88520612A4F00EE19D8 /* Products */;
			projectDirPath = "";
			projectRoot = "";
			targets = (
				FD38C88320612A4F00EE19D8 /* FancyButton */,
			);
		};
/* End PBXProject section */

/* Begin PBXResourcesBuildPhase section */
		FD38C88220612A4F00EE19D8 /* Resources */ = {
			isa = PBXResourcesBuildPhase;
			buildActionMask = 2147483647;
			files = (
				FD38C89220612A5000EE19D8 /* LaunchScreen.storyboard in Resources */,
				FD38C88F20612A5000EE19D8 /* Assets.xcassets in Resources */,
				FD38C88D20612A5000EE19D8 /* Main.storyboard in Resources */,
			);
			runOnlyForDeploymentPostprocessing = 0;
		};
/* End PBXResourcesBuildPhase section */

/* Begin PBXSourcesBuildPhase section */
		FD38C88020612A4F00EE19D8 /* Sources */ = {
			isa = PBXSourcesBuildPhase;
			buildActionMask = 2147483647;
			files = (
				FD38C89A20612AA500EE19D8 /* FancyButton.swift in Sources */,
				FD38C88A20612A5000EE19D8 /* ViewController.swift in Sources */,
				FD38C88820612A5000EE19D8 /* AppDelegate.swift in Sources */,
			);
			runOnlyForDeploymentPostprocessing = 0;
		};
/* End PBXSourcesBuildPhase section */

/* Begin PBXVariantGroup section */
		FD38C88B20612A5000EE19D8 /* Main.storyboard */ = {
			isa = PBXVariantGroup;
			children = (
				FD38C88C20612A5000EE19D8 /* Base */,
			);
			name = Main.storyboard;
			sourceTree = "<group>";
		};
		FD38C89020612A5000EE19D8 /* LaunchScreen.storyboard */ = {
			isa = PBXVariantGroup;
			children = (
				FD38C89120612A5000EE19D8 /* Base */,
			);
			name = LaunchScreen.storyboard;
			sourceTree = "<group>";
		};
/* End PBXVariantGroup section */

/* Begin XCBuildConfiguration section */
		FD38C89420612A5000EE19D8 /* Debug */ = {
			isa = XCBuildConfiguration;
			buildSettings = {
				ALWAYS_SEARCH_USER_PATHS = NO;
				CLANG_ANALYZER_NONNULL = YES;
				CLANG_ANALYZER_NUMBER_OBJECT_CONVERSION = YES_AGGRESSIVE;
				CLANG_CXX_LANGUAGE_STANDARD = "gnu++14";
				CLANG_CXX_LIBRARY = "libc++";
				CLANG_ENABLE_MODULES = YES;
				CLANG_ENABLE_OBJC_ARC = YES;
				CLANG_WARN_BLOCK_CAPTURE_AUTORELEASING = YES;
				CLANG_WARN_BOOL_CONVERSION = YES;
				CLANG_WARN_COMMA = YES;
				CLANG_WARN_CONSTANT_CONVERSION = YES;
				CLANG_WARN_DIRECT_OBJC_ISA_USAGE = YES_ERROR;
				CLANG_WARN_DOCUMENTATION_COMMENTS = YES;
				CLANG_WARN_EMPTY_BODY = YES;
				CLANG_WARN_ENUM_CONVERSION = YES;
				CLANG_WARN_INFINITE_RECURSION = YES;
				CLANG_WARN_INT_CONVERSION = YES;
				CLANG_WARN_NON_LITERAL_NULL_CONVERSION = YES;
				CLANG_WARN_OBJC_LITERAL_CONVERSION = YES;
				CLANG_WARN_OBJC_ROOT_CLASS = YES_ERROR;
				CLANG_WARN_RANGE_LOOP_ANALYSIS = YES;
				CLANG_WARN_STRICT_PROTOTYPES = YES;
				CLANG_WARN_SUSPICIOUS_MOVE = YES;
				CLANG_WARN_UNGUARDED_AVAILABILITY = YES_AGGRESSIVE;
				CLANG_WARN_UNREACHABLE_CODE = YES;
				CLANG_WARN__DUPLICATE_METHOD_MATCH = YES;
				CODE_SIGN_IDENTITY = "iPhone Developer";
				COPY_PHASE_STRIP = NO;
				DEBUG_INFORMATION_FORMAT = dwarf;
				ENABLE_STRICT_OBJC_MSGSEND = YES;
				ENABLE_TESTABILITY = YES;
				GCC_C_LANGUAGE_STANDARD = gnu11;
				GCC_DYNAMIC_NO_PIC = NO;
				GCC_NO_COMMON_BLOCKS = YES;
				GCC_OPTIMIZATION_LEVEL = 0;
				GCC_PREPROCESSOR_DEFINITIONS = (
					"DEBUG=1",
					"$(inherited)",
				);
				GCC_WARN_64_TO_32_BIT_CONVERSION = YES;
				GCC_WARN_ABOUT_RETURN_TYPE = YES_ERROR;
				GCC_WARN_UNDECLARED_SELECTOR = YES;
				GCC_WARN_UNINITIALIZED_AUTOS = YES_AGGRESSIVE;
				GCC_WARN_UNUSED_FUNCTION = YES;
				GCC_WARN_UNUSED_VARIABLE = YES;
				IPHONEOS_DEPLOYMENT_TARGET = 11.2;
				MTL_ENABLE_DEBUG_INFO = YES;
				ONLY_ACTIVE_ARCH = YES;
				SDKROOT = iphoneos;
				SWIFT_ACTIVE_COMPILATION_CONDITIONS = DEBUG;
				SWIFT_OPTIMIZATION_LEVEL = "-Onone";
			};
			name = Debug;
		};
		FD38C89520612A5000EE19D8 /* Release */ = {
			isa = XCBuildConfiguration;
			buildSettings = {
				ALWAYS_SEARCH_USER_PATHS = NO;
				CLANG_ANALYZER_NONNULL = YES;
				CLANG_ANALYZER_NUMBER_OBJECT_CONVERSION = YES_AGGRESSIVE;
				CLANG_CXX_LANGUAGE_STANDARD = "gnu++14";
				CLANG_CXX_LIBRARY = "libc++";
				CLANG_ENABLE_MODULES = YES;
				CLANG_ENABLE_OBJC_ARC = YES;
				CLANG_WARN_BLOCK_CAPTURE_AUTORELEASING = YES;
				CLANG_WARN_BOOL_CONVERSION = YES;
				CLANG_WARN_COMMA = YES;
				CLANG_WARN_CONSTANT_CONVERSION = YES;
				CLANG_WARN_DIRECT_OBJC_ISA_USAGE = YES_ERROR;
				CLANG_WARN_DOCUMENTATION_COMMENTS = YES;
				CLANG_WARN_EMPTY_BODY = YES;
				CLANG_WARN_ENUM_CONVERSION = YES;
				CLANG_WARN_INFINITE_RECURSION = YES;
				CLANG_WARN_INT_CONVERSION = YES;
				CLANG_WARN_NON_LITERAL_NULL_CONVERSION = YES;
				CLANG_WARN_OBJC_LITERAL_CONVERSION = YES;
				CLANG_WARN_OBJC_ROOT_CLASS = YES_ERROR;
				CLANG_WARN_RANGE_LOOP_ANALYSIS = YES;
				CLANG_WARN_STRICT_PROTOTYPES = YES;
				CLANG_WARN_SUSPICIOUS_MOVE = YES;
				CLANG_WARN_UNGUARDED_AVAILABILITY = YES_AGGRESSIVE;
				CLANG_WARN_UNREACHABLE_CODE = YES;
				CLANG_WARN__DUPLICATE_METHOD_MATCH = YES;
				CODE_SIGN_IDENTITY = "iPhone Developer";
				COPY_PHASE_STRIP = NO;
				DEBUG_INFORMATION_FORMAT = "dwarf-with-dsym";
				ENABLE_NS_ASSERTIONS = NO;
				ENABLE_STRICT_OBJC_MSGSEND = YES;
				GCC_C_LANGUAGE_STANDARD = gnu11;
				GCC_NO_COMMON_BLOCKS = YES;
				GCC_WARN_64_TO_32_BIT_CONVERSION = YES;
				GCC_WARN_ABOUT_RETURN_TYPE = YES_ERROR;
				GCC_WARN_UNDECLARED_SELECTOR = YES;
				GCC_WARN_UNINITIALIZED_AUTOS = YES_AGGRESSIVE;
				GCC_WARN_UNUSED_FUNCTION = YES;
				GCC_WARN_UNUSED_VARIABLE = YES;
				IPHONEOS_DEPLOYMENT_TARGET = 11.2;
				MTL_ENABLE_DEBUG_INFO = NO;
				SDKROOT = iphoneos;
				SWIFT_OPTIMIZATION_LEVEL = "-Owholemodule";
				VALIDATE_PRODUCT = YES;
			};
			name = Release;
		};
		FD38C89720612A5000EE19D8 /* Debug */ = {
			isa = XCBuildConfiguration;
			buildSettings = {
				ASSETCATALOG_COMPILER_APPICON_NAME = AppIcon;
				CODE_SIGN_STYLE = Automatic;
				DEVELOPMENT_TEAM = M4TQYV352C;
				INFOPLIST_FILE = FancyButton/Info.plist;
				LD_RUNPATH_SEARCH_PATHS = "$(inherited) @executable_path/Frameworks";
				PRODUCT_BUNDLE_IDENTIFIER = com.marinosyan.FancyButton;
				PRODUCT_NAME = "$(TARGET_NAME)";
				SWIFT_VERSION = 4.0;
				TARGETED_DEVICE_FAMILY = "1,2";
			};
			name = Debug;
		};
		FD38C89820612A5000EE19D8 /* Release */ = {
			isa = XCBuildConfiguration;
			buildSettings = {
				ASSETCATALOG_COMPILER_APPICON_NAME = AppIcon;
				CODE_SIGN_STYLE = Automatic;
				DEVELOPMENT_TEAM = M4TQYV352C;
				INFOPLIST_FILE = FancyButton/Info.plist;
				LD_RUNPATH_SEARCH_PATHS = "$(inherited) @executable_path/Frameworks";
				PRODUCT_BUNDLE_IDENTIFIER = com.marinosyan.FancyButton;
				PRODUCT_NAME = "$(TARGET_NAME)";
				SWIFT_VERSION = 4.0;
				TARGETED_DEVICE_FAMILY = "1,2";
			};
			name = Release;
		};
/* End XCBuildConfiguration section */

/* Begin XCConfigurationList section */
		FD38C87F20612A4F00EE19D8 /* Build configuration list for PBXProject "FancyButton" */ = {
			isa = XCConfigurationList;
			buildConfigurations = (
				FD38C89420612A5000EE19D8 /* Debug */,
				FD38C89520612A5000EE19D8 /* Release */,
			);
			defaultConfigurationIsVisible = 0;
			defaultConfigurationName = Release;
		};
		FD38C89620612A5000EE19D8 /* Build configuration list for PBXNativeTarget "FancyButton" */ = {
			isa = XCConfigurationList;
			buildConfigurations = (
				FD38C89720612A5000EE19D8 /* Debug */,
				FD38C89820612A5000EE19D8 /* Release */,
			);
			defaultConfigurationIsVisible = 0;
			defaultConfigurationName = Release;
		};
/* End XCConfigurationList section */
	};
	rootObject = FD38C87C20612A4F00EE19D8 /* Project object */;
}
